
Microsoft Visual Studio Solution File, Format Version 12.00
# Visual Studio 15
VisualStudioVersion = 15.0.28307.329
MinimumVisualStudioVersion = 10.0.40219.1
Project("{2150E333-8FDC-42A3-9474-1A3956D46DE8}") = "Week1", "Week1", "{D61F8ECC-2C04-46A4-8D6B-4E00D7AD8670}"
EndProject
Project("{9A19103F-16F7-4668-BE54-9A1E7A4F7556}") = "HelloWorld", "HelloWorld\HelloWorld.csproj", "{C1C00B6A-5260-461A-B7CC-BF6DF00F14F5}"
EndProject
Project("{9A19103F-16F7-4668-BE54-9A1E7A4F7556}") = "Variables", "Variables\Variables.csproj", "{7693E0A3-15C7-4C26-A71C-FE536C8C24BF}"
EndProject
Project("{9A19103F-16F7-4668-BE54-9A1E7A4F7556}") = "Decisions", "Decisions\Decisions.csproj", "{42D3489B-E5CA-4310-99C9-6B4295D6F0AF}"
EndProject
Project("{FAE04EC0-301F-11D3-BF4B-00C04F79EFBC}") = "ForIteration", "ForIteration\ForIteration.csproj", "{208F1507-B6DC-4CF3-8D65-30A33D562A11}"
EndProject
Project("{FAE04EC0-301F-11D3-BF4B-00C04F79EFBC}") = "UnderstandingArrays", "UnderstandingArrays\UnderstandingArrays.csproj", "{24E9A9BA-5C14-400F-8346-1FA1103F779C}"
EndProject
Project("{FAE04EC0-301F-11D3-BF4B-00C04F79EFBC}") = "NameGame(methods)", "SingleMethod\NameGame(methods).csproj", "{16CA8E52-0B2D-417D-A57F-F8031006024F}"
EndProject
Project("{FAE04EC0-301F-11D3-BF4B-00C04F79EFBC}") = "WhileIteration", "WhileIteration\WhileIteration.csproj", "{DF194469-130B-4AAE-90FF-F1E88BB80CF1}"
EndProject
Project("{FAE04EC0-301F-11D3-BF4B-00C04F79EFBC}") = "WorkingWithStrings", "WorkingWithStrings\WorkingWithStrings.csproj", "{EBE14A92-1591-408F-81EA-0A628410A9BD}"
EndProject
Project("{FAE04EC0-301F-11D3-BF4B-00C04F79EFBC}") = "DatesAndTimes", "DatesAndTimes\DatesAndTimes.csproj", "{E5899CF6-56A5-4F4D-9083-A04C0A4D2EAC}"
EndProject
Project("{FAE04EC0-301F-11D3-BF4B-00C04F79EFBC}") = "SimpleClasses", "SimpleClasses\SimpleClasses.csproj", "{C646CC7D-2EEC-43E3-8370-5AF85B705D33}"
EndProject
Project("{FAE04EC0-301F-11D3-BF4B-00C04F79EFBC}") = "ObjectLifetime", "ObjectLifetime\ObjectLifetime.csproj", "{9AF275EC-8467-4236-AD6A-C6A57D581356}"
EndProject
Project("{FAE04EC0-301F-11D3-BF4B-00C04F79EFBC}") = "UnderstandingScope", "UnderstandingScope\UnderstandingScope.csproj", "{69ED52DB-2B5F-4843-84C7-8988AF781696}"
EndProject
Project("{FAE04EC0-301F-11D3-BF4B-00C04F79EFBC}") = "AssembliesAndNamespaces", "AssembliesAndNamespaces\AssembliesAndNamespaces.csproj", "{730EB416-7D3A-422F-B54F-380D899AAF76}"
EndProject
Project("{FAE04EC0-301F-11D3-BF4B-00C04F79EFBC}") = "ScrapeClient", "ScrapeClient\ScrapeClient.csproj", "{EF43F0D3-B7BD-4A41-B9D7-FD5D7F7C9C94}"
EndProject
Project("{FAE04EC0-301F-11D3-BF4B-00C04F79EFBC}") = "ScrapeLibrary", "ScrapeLibrary\ScrapeLibrary.csproj", "{5768D77D-BC84-42C1-81C7-6E1CF13EC796}"
EndProject
Project("{FAE04EC0-301F-11D3-BF4B-00C04F79EFBC}") = "WorkingWithCollections", "WorkingWithCollections\WorkingWithCollections.csproj", "{7CD176DE-D49E-4DA1-B130-E4FCE3F002AA}"
EndProject
Project("{FAE04EC0-301F-11D3-BF4B-00C04F79EFBC}") = "UnderstandingLINQ", "UnderstandingLINQ\UnderstandingLINQ.csproj", "{C2431AB0-C746-4C21-A406-703C368FAE3C}"
EndProject
Project("{FAE04EC0-301F-11D3-BF4B-00C04F79EFBC}") = "EnumsAndSwitch", "EnumsAndSwitch\EnumsAndSwitch.csproj", "{D8251BE2-2C15-4B5E-AEE0-86E21E7D813D}"
EndProject
Project("{FAE04EC0-301F-11D3-BF4B-00C04F79EFBC}") = "HandlingExceptions", "HandlingExceptions\HandlingExceptions.csproj", "{EDAD2BE1-9286-44E0-9715-886B17A5D394}"
EndProject
Project("{FAE04EC0-301F-11D3-BF4B-00C04F79EFBC}") = "TimerExample", "TimerExample\TimerExample.csproj", "{E31AC826-5385-4479-8575-D3BEDA17B5C4}"
EndProject
Project("{FAE04EC0-301F-11D3-BF4B-00C04F79EFBC}") = "WPFEvents", "WPFEvents\WPFEvents.csproj", "{32CEC926-4A85-4A1B-9024-EAB3842D9BEF}"
EndProject
Project("{2150E333-8FDC-42A3-9474-1A3956D46DE8}") = "Week2", "Week2", "{5E7BBB18-4F33-4D79-A3AD-14614F935499}"
EndProject
Project("{2150E333-8FDC-42A3-9474-1A3956D46DE8}") = "Week3", "Week3", "{E2D02101-F58D-4A40-BBF2-4AE9046FE8DC}"
EndProject
Project("{9092AA53-FB77-4645-B42D-1CCCA6BD08BD}") = "HelloWorld_FirstLessons", "HelloWorld_FirstLessons\HelloWorld_FirstLessons.njsproj", "{E0C08DD1-7960-4640-B1A5-35A5118FC467}"
EndProject
Project("{9092AA53-FB77-4645-B42D-1CCCA6BD08BD}") = "variabless", "variabless\variabless.njsproj", "{37DE8F10-FDDE-4941-B4CB-C9928CCF1ED5}"
EndProject
Project("{9092AA53-FB77-4645-B42D-1CCCA6BD08BD}") = "datatypes", "datatypes\datatypes.njsproj", "{EA118409-0E2B-4BF9-9E03-CFA8B6558BD2}"
EndProject
Project("{9092AA53-FB77-4645-B42D-1CCCA6BD08BD}") = "coercion", "coercion\coercion.njsproj", "{58CF0A5C-8E06-4D17-BB4C-5623632A237F}"
EndProject
Project("{9092AA53-FB77-4645-B42D-1CCCA6BD08BD}") = "expressions", "expressions\expressions.njsproj", "{A8ECAB1D-A6E8-4F0E-AB5E-5C5267A6CF5C}"
EndProject
Project("{9092AA53-FB77-4645-B42D-1CCCA6BD08BD}") = "operators", "operators\operators.njsproj", "{3A83B672-EA38-4221-BF87-3AB1C4B9C8A8}"
EndProject
Project("{9092AA53-FB77-4645-B42D-1CCCA6BD08BD}") = "arrays", "arrays\arrays.njsproj", "{3AB0DE3B-E352-4412-AD77-591E936D6D1E}"
EndProject
Project("{9092AA53-FB77-4645-B42D-1CCCA6BD08BD}") = "function-declaration", "function-declaration\function-declaration.njsproj", "{F82242A2-5C8D-47B8-9131-19C4AFC17D31}"
EndProject
Project("{9092AA53-FB77-4645-B42D-1CCCA6BD08BD}") = "decisionsjs", "decisionsjs\decisionsjs.njsproj", "{24B9F580-5782-47F3-A467-3512209DF91F}"
EndProject
Project("{9092AA53-FB77-4645-B42D-1CCCA6BD08BD}") = "iterations", "iterations\iterations.njsproj", "{9A59DF1E-709F-4288-94CC-B5D2B65E5A7C}"
EndProject
Project("{9092AA53-FB77-4645-B42D-1CCCA6BD08BD}") = "returning-functions", "returning-functions\returning-functions.njsproj", "{64B7D021-FA55-4564-B9E2-1BB435E4A5A3}"
EndProject
Project("{9092AA53-FB77-4645-B42D-1CCCA6BD08BD}") = "object", "object\object.njsproj", "{38F21863-46B3-41E4-A014-DF4CF96BAA6B}"
EndProject
Project("{9092AA53-FB77-4645-B42D-1CCCA6BD08BD}") = "module-pattern", "module-pattern\module-pattern.njsproj", "{6CE48E19-5275-4BC3-B874-6C7826A3FA80}"
EndProject
Project("{9092AA53-FB77-4645-B42D-1CCCA6BD08BD}") = "closures", "closures\closures.njsproj", "{092AC49F-F056-4F7E-8012-DEA0257015FC}"
EndProject
Project("{9092AA53-FB77-4645-B42D-1CCCA6BD08BD}") = "this-keyword", "this-keyword\this-keyword.njsproj", "{C327D31D-0921-4A7F-9123-DB0D0C592C4A}"
EndProject
Project("{9092AA53-FB77-4645-B42D-1CCCA6BD08BD}") = "destructuring", "destructuring\destructuring.njsproj", "{5E59AB3A-BA5C-4BF7-81CA-9FAA13CE13CA}"
EndProject
Project("{9092AA53-FB77-4645-B42D-1CCCA6BD08BD}") = "template-literals", "template-literals\template-literals.njsproj", "{08CE9900-135E-4108-900F-AC47E52978FD}"
EndProject
Project("{9092AA53-FB77-4645-B42D-1CCCA6BD08BD}") = "regex", "regex\regex.njsproj", "{DAA819BA-D043-4149-B1C6-AC4B52131F95}"
EndProject
Project("{9092AA53-FB77-4645-B42D-1CCCA6BD08BD}") = "natives", "natives\natives.njsproj", "{E0DC7C61-FA4F-4BDE-9D0A-6C188C1D70D9}"
EndProject
Project("{9092AA53-FB77-4645-B42D-1CCCA6BD08BD}") = "constructors", "constructors\constructors.njsproj", "{44EE9584-2365-4636-81DF-212475622164}"
EndProject
Project("{9092AA53-FB77-4645-B42D-1CCCA6BD08BD}") = "prototypes", "prototypes\prototypes.njsproj", "{E896A646-D25A-477D-9A04-684568C41011}"
EndProject
Project("{9092AA53-FB77-4645-B42D-1CCCA6BD08BD}") = "JSclasses", "JSclasses\JSclasses.njsproj", "{E52B821E-C4C6-4D8B-8F16-2AC2FE735396}"
EndProject
Project("{9092AA53-FB77-4645-B42D-1CCCA6BD08BD}") = "arrow-functions", "arrow-functions\arrow-functions.njsproj", "{C767F2C5-2395-4384-8658-F11031358DBC}"
EndProject
Project("{2150E333-8FDC-42A3-9474-1A3956D46DE8}") = "Week4", "Week4", "{595FA72A-4407-41DE-B08E-6DF02AB14D94}"
EndProject
Project("{9A19103F-16F7-4668-BE54-9A1E7A4F7556}") = "MVC", "MVC\MVC.csproj", "{5B757D5E-C752-4F5C-BA04-F7CF66F35826}"
EndProject
Project("{FAE04EC0-301F-11D3-BF4B-00C04F79EFBC}") = "Facade", "Facade\Facade.csproj", "{D45869C3-4ACD-4BD4-ACA0-CE87785BB3CA}"
EndProject
Project("{FAE04EC0-301F-11D3-BF4B-00C04F79EFBC}") = "Core", "Core\Core.csproj", "{C29519F8-2AB6-4A04-B8C7-0B32EC0D1033}"
EndProject
Global
	GlobalSection(SolutionConfigurationPlatforms) = preSolution
		Debug|Any CPU = Debug|Any CPU
		Release|Any CPU = Release|Any CPU
	EndGlobalSection
	GlobalSection(ProjectConfigurationPlatforms) = postSolution
		{C1C00B6A-5260-461A-B7CC-BF6DF00F14F5}.Debug|Any CPU.ActiveCfg = Debug|Any CPU
		{C1C00B6A-5260-461A-B7CC-BF6DF00F14F5}.Debug|Any CPU.Build.0 = Debug|Any CPU
		{C1C00B6A-5260-461A-B7CC-BF6DF00F14F5}.Release|Any CPU.ActiveCfg = Release|Any CPU
		{C1C00B6A-5260-461A-B7CC-BF6DF00F14F5}.Release|Any CPU.Build.0 = Release|Any CPU
		{7693E0A3-15C7-4C26-A71C-FE536C8C24BF}.Debug|Any CPU.ActiveCfg = Debug|Any CPU
		{7693E0A3-15C7-4C26-A71C-FE536C8C24BF}.Debug|Any CPU.Build.0 = Debug|Any CPU
		{7693E0A3-15C7-4C26-A71C-FE536C8C24BF}.Release|Any CPU.ActiveCfg = Release|Any CPU
		{7693E0A3-15C7-4C26-A71C-FE536C8C24BF}.Release|Any CPU.Build.0 = Release|Any CPU
		{42D3489B-E5CA-4310-99C9-6B4295D6F0AF}.Debug|Any CPU.ActiveCfg = Debug|Any CPU
		{42D3489B-E5CA-4310-99C9-6B4295D6F0AF}.Debug|Any CPU.Build.0 = Debug|Any CPU
		{42D3489B-E5CA-4310-99C9-6B4295D6F0AF}.Release|Any CPU.ActiveCfg = Release|Any CPU
		{42D3489B-E5CA-4310-99C9-6B4295D6F0AF}.Release|Any CPU.Build.0 = Release|Any CPU
		{208F1507-B6DC-4CF3-8D65-30A33D562A11}.Debug|Any CPU.ActiveCfg = Debug|Any CPU
		{208F1507-B6DC-4CF3-8D65-30A33D562A11}.Debug|Any CPU.Build.0 = Debug|Any CPU
		{208F1507-B6DC-4CF3-8D65-30A33D562A11}.Release|Any CPU.ActiveCfg = Release|Any CPU
		{208F1507-B6DC-4CF3-8D65-30A33D562A11}.Release|Any CPU.Build.0 = Release|Any CPU
		{24E9A9BA-5C14-400F-8346-1FA1103F779C}.Debug|Any CPU.ActiveCfg = Debug|Any CPU
		{24E9A9BA-5C14-400F-8346-1FA1103F779C}.Debug|Any CPU.Build.0 = Debug|Any CPU
		{24E9A9BA-5C14-400F-8346-1FA1103F779C}.Release|Any CPU.ActiveCfg = Release|Any CPU
		{24E9A9BA-5C14-400F-8346-1FA1103F779C}.Release|Any CPU.Build.0 = Release|Any CPU
		{16CA8E52-0B2D-417D-A57F-F8031006024F}.Debug|Any CPU.ActiveCfg = Debug|Any CPU
		{16CA8E52-0B2D-417D-A57F-F8031006024F}.Debug|Any CPU.Build.0 = Debug|Any CPU
		{16CA8E52-0B2D-417D-A57F-F8031006024F}.Release|Any CPU.ActiveCfg = Release|Any CPU
		{16CA8E52-0B2D-417D-A57F-F8031006024F}.Release|Any CPU.Build.0 = Release|Any CPU
		{DF194469-130B-4AAE-90FF-F1E88BB80CF1}.Debug|Any CPU.ActiveCfg = Debug|Any CPU
		{DF194469-130B-4AAE-90FF-F1E88BB80CF1}.Debug|Any CPU.Build.0 = Debug|Any CPU
		{DF194469-130B-4AAE-90FF-F1E88BB80CF1}.Release|Any CPU.ActiveCfg = Release|Any CPU
		{DF194469-130B-4AAE-90FF-F1E88BB80CF1}.Release|Any CPU.Build.0 = Release|Any CPU
		{EBE14A92-1591-408F-81EA-0A628410A9BD}.Debug|Any CPU.ActiveCfg = Debug|Any CPU
		{EBE14A92-1591-408F-81EA-0A628410A9BD}.Debug|Any CPU.Build.0 = Debug|Any CPU
		{EBE14A92-1591-408F-81EA-0A628410A9BD}.Release|Any CPU.ActiveCfg = Release|Any CPU
		{EBE14A92-1591-408F-81EA-0A628410A9BD}.Release|Any CPU.Build.0 = Release|Any CPU
		{E5899CF6-56A5-4F4D-9083-A04C0A4D2EAC}.Debug|Any CPU.ActiveCfg = Debug|Any CPU
		{E5899CF6-56A5-4F4D-9083-A04C0A4D2EAC}.Debug|Any CPU.Build.0 = Debug|Any CPU
		{E5899CF6-56A5-4F4D-9083-A04C0A4D2EAC}.Release|Any CPU.ActiveCfg = Release|Any CPU
		{E5899CF6-56A5-4F4D-9083-A04C0A4D2EAC}.Release|Any CPU.Build.0 = Release|Any CPU
		{C646CC7D-2EEC-43E3-8370-5AF85B705D33}.Debug|Any CPU.ActiveCfg = Debug|Any CPU
		{C646CC7D-2EEC-43E3-8370-5AF85B705D33}.Debug|Any CPU.Build.0 = Debug|Any CPU
		{C646CC7D-2EEC-43E3-8370-5AF85B705D33}.Release|Any CPU.ActiveCfg = Release|Any CPU
		{C646CC7D-2EEC-43E3-8370-5AF85B705D33}.Release|Any CPU.Build.0 = Release|Any CPU
		{9AF275EC-8467-4236-AD6A-C6A57D581356}.Debug|Any CPU.ActiveCfg = Debug|Any CPU
		{9AF275EC-8467-4236-AD6A-C6A57D581356}.Debug|Any CPU.Build.0 = Debug|Any CPU
		{9AF275EC-8467-4236-AD6A-C6A57D581356}.Release|Any CPU.ActiveCfg = Release|Any CPU
		{9AF275EC-8467-4236-AD6A-C6A57D581356}.Release|Any CPU.Build.0 = Release|Any CPU
		{69ED52DB-2B5F-4843-84C7-8988AF781696}.Debug|Any CPU.ActiveCfg = Debug|Any CPU
		{69ED52DB-2B5F-4843-84C7-8988AF781696}.Debug|Any CPU.Build.0 = Debug|Any CPU
		{69ED52DB-2B5F-4843-84C7-8988AF781696}.Release|Any CPU.ActiveCfg = Release|Any CPU
		{69ED52DB-2B5F-4843-84C7-8988AF781696}.Release|Any CPU.Build.0 = Release|Any CPU
		{730EB416-7D3A-422F-B54F-380D899AAF76}.Debug|Any CPU.ActiveCfg = Debug|Any CPU
		{730EB416-7D3A-422F-B54F-380D899AAF76}.Debug|Any CPU.Build.0 = Debug|Any CPU
		{730EB416-7D3A-422F-B54F-380D899AAF76}.Release|Any CPU.ActiveCfg = Release|Any CPU
		{730EB416-7D3A-422F-B54F-380D899AAF76}.Release|Any CPU.Build.0 = Release|Any CPU
		{EF43F0D3-B7BD-4A41-B9D7-FD5D7F7C9C94}.Debug|Any CPU.ActiveCfg = Debug|Any CPU
		{EF43F0D3-B7BD-4A41-B9D7-FD5D7F7C9C94}.Debug|Any CPU.Build.0 = Debug|Any CPU
		{EF43F0D3-B7BD-4A41-B9D7-FD5D7F7C9C94}.Release|Any CPU.ActiveCfg = Release|Any CPU
		{EF43F0D3-B7BD-4A41-B9D7-FD5D7F7C9C94}.Release|Any CPU.Build.0 = Release|Any CPU
		{5768D77D-BC84-42C1-81C7-6E1CF13EC796}.Debug|Any CPU.ActiveCfg = Debug|Any CPU
		{5768D77D-BC84-42C1-81C7-6E1CF13EC796}.Debug|Any CPU.Build.0 = Debug|Any CPU
		{5768D77D-BC84-42C1-81C7-6E1CF13EC796}.Release|Any CPU.ActiveCfg = Release|Any CPU
		{5768D77D-BC84-42C1-81C7-6E1CF13EC796}.Release|Any CPU.Build.0 = Release|Any CPU
		{7CD176DE-D49E-4DA1-B130-E4FCE3F002AA}.Debug|Any CPU.ActiveCfg = Debug|Any CPU
		{7CD176DE-D49E-4DA1-B130-E4FCE3F002AA}.Debug|Any CPU.Build.0 = Debug|Any CPU
		{7CD176DE-D49E-4DA1-B130-E4FCE3F002AA}.Release|Any CPU.ActiveCfg = Release|Any CPU
		{7CD176DE-D49E-4DA1-B130-E4FCE3F002AA}.Release|Any CPU.Build.0 = Release|Any CPU
		{C2431AB0-C746-4C21-A406-703C368FAE3C}.Debug|Any CPU.ActiveCfg = Debug|Any CPU
		{C2431AB0-C746-4C21-A406-703C368FAE3C}.Debug|Any CPU.Build.0 = Debug|Any CPU
		{C2431AB0-C746-4C21-A406-703C368FAE3C}.Release|Any CPU.ActiveCfg = Release|Any CPU
		{C2431AB0-C746-4C21-A406-703C368FAE3C}.Release|Any CPU.Build.0 = Release|Any CPU
		{D8251BE2-2C15-4B5E-AEE0-86E21E7D813D}.Debug|Any CPU.ActiveCfg = Debug|Any CPU
		{D8251BE2-2C15-4B5E-AEE0-86E21E7D813D}.Debug|Any CPU.Build.0 = Debug|Any CPU
		{D8251BE2-2C15-4B5E-AEE0-86E21E7D813D}.Release|Any CPU.ActiveCfg = Release|Any CPU
		{D8251BE2-2C15-4B5E-AEE0-86E21E7D813D}.Release|Any CPU.Build.0 = Release|Any CPU
		{EDAD2BE1-9286-44E0-9715-886B17A5D394}.Debug|Any CPU.ActiveCfg = Debug|Any CPU
		{EDAD2BE1-9286-44E0-9715-886B17A5D394}.Debug|Any CPU.Build.0 = Debug|Any CPU
		{EDAD2BE1-9286-44E0-9715-886B17A5D394}.Release|Any CPU.ActiveCfg = Release|Any CPU
		{EDAD2BE1-9286-44E0-9715-886B17A5D394}.Release|Any CPU.Build.0 = Release|Any CPU
		{E31AC826-5385-4479-8575-D3BEDA17B5C4}.Debug|Any CPU.ActiveCfg = Debug|Any CPU
		{E31AC826-5385-4479-8575-D3BEDA17B5C4}.Debug|Any CPU.Build.0 = Debug|Any CPU
		{E31AC826-5385-4479-8575-D3BEDA17B5C4}.Release|Any CPU.ActiveCfg = Release|Any CPU
		{E31AC826-5385-4479-8575-D3BEDA17B5C4}.Release|Any CPU.Build.0 = Release|Any CPU
		{32CEC926-4A85-4A1B-9024-EAB3842D9BEF}.Debug|Any CPU.ActiveCfg = Debug|Any CPU
		{32CEC926-4A85-4A1B-9024-EAB3842D9BEF}.Debug|Any CPU.Build.0 = Debug|Any CPU
		{32CEC926-4A85-4A1B-9024-EAB3842D9BEF}.Release|Any CPU.ActiveCfg = Release|Any CPU
		{32CEC926-4A85-4A1B-9024-EAB3842D9BEF}.Release|Any CPU.Build.0 = Release|Any CPU
		{E0C08DD1-7960-4640-B1A5-35A5118FC467}.Debug|Any CPU.ActiveCfg = Debug|Any CPU
		{E0C08DD1-7960-4640-B1A5-35A5118FC467}.Debug|Any CPU.Build.0 = Debug|Any CPU
		{E0C08DD1-7960-4640-B1A5-35A5118FC467}.Release|Any CPU.ActiveCfg = Release|Any CPU
		{E0C08DD1-7960-4640-B1A5-35A5118FC467}.Release|Any CPU.Build.0 = Release|Any CPU
		{37DE8F10-FDDE-4941-B4CB-C9928CCF1ED5}.Debug|Any CPU.ActiveCfg = Debug|Any CPU
		{37DE8F10-FDDE-4941-B4CB-C9928CCF1ED5}.Debug|Any CPU.Build.0 = Debug|Any CPU
		{37DE8F10-FDDE-4941-B4CB-C9928CCF1ED5}.Release|Any CPU.ActiveCfg = Release|Any CPU
		{37DE8F10-FDDE-4941-B4CB-C9928CCF1ED5}.Release|Any CPU.Build.0 = Release|Any CPU
		{EA118409-0E2B-4BF9-9E03-CFA8B6558BD2}.Debug|Any CPU.ActiveCfg = Debug|Any CPU
		{EA118409-0E2B-4BF9-9E03-CFA8B6558BD2}.Debug|Any CPU.Build.0 = Debug|Any CPU
		{EA118409-0E2B-4BF9-9E03-CFA8B6558BD2}.Release|Any CPU.ActiveCfg = Release|Any CPU
		{EA118409-0E2B-4BF9-9E03-CFA8B6558BD2}.Release|Any CPU.Build.0 = Release|Any CPU
		{58CF0A5C-8E06-4D17-BB4C-5623632A237F}.Debug|Any CPU.ActiveCfg = Debug|Any CPU
		{58CF0A5C-8E06-4D17-BB4C-5623632A237F}.Debug|Any CPU.Build.0 = Debug|Any CPU
		{58CF0A5C-8E06-4D17-BB4C-5623632A237F}.Release|Any CPU.ActiveCfg = Release|Any CPU
		{58CF0A5C-8E06-4D17-BB4C-5623632A237F}.Release|Any CPU.Build.0 = Release|Any CPU
		{A8ECAB1D-A6E8-4F0E-AB5E-5C5267A6CF5C}.Debug|Any CPU.ActiveCfg = Debug|Any CPU
		{A8ECAB1D-A6E8-4F0E-AB5E-5C5267A6CF5C}.Debug|Any CPU.Build.0 = Debug|Any CPU
		{A8ECAB1D-A6E8-4F0E-AB5E-5C5267A6CF5C}.Release|Any CPU.ActiveCfg = Release|Any CPU
		{A8ECAB1D-A6E8-4F0E-AB5E-5C5267A6CF5C}.Release|Any CPU.Build.0 = Release|Any CPU
		{3A83B672-EA38-4221-BF87-3AB1C4B9C8A8}.Debug|Any CPU.ActiveCfg = Debug|Any CPU
		{3A83B672-EA38-4221-BF87-3AB1C4B9C8A8}.Debug|Any CPU.Build.0 = Debug|Any CPU
		{3A83B672-EA38-4221-BF87-3AB1C4B9C8A8}.Release|Any CPU.ActiveCfg = Release|Any CPU
		{3A83B672-EA38-4221-BF87-3AB1C4B9C8A8}.Release|Any CPU.Build.0 = Release|Any CPU
		{3AB0DE3B-E352-4412-AD77-591E936D6D1E}.Debug|Any CPU.ActiveCfg = Debug|Any CPU
		{3AB0DE3B-E352-4412-AD77-591E936D6D1E}.Debug|Any CPU.Build.0 = Debug|Any CPU
		{3AB0DE3B-E352-4412-AD77-591E936D6D1E}.Release|Any CPU.ActiveCfg = Release|Any CPU
		{3AB0DE3B-E352-4412-AD77-591E936D6D1E}.Release|Any CPU.Build.0 = Release|Any CPU
		{F82242A2-5C8D-47B8-9131-19C4AFC17D31}.Debug|Any CPU.ActiveCfg = Debug|Any CPU
		{F82242A2-5C8D-47B8-9131-19C4AFC17D31}.Debug|Any CPU.Build.0 = Debug|Any CPU
		{F82242A2-5C8D-47B8-9131-19C4AFC17D31}.Release|Any CPU.ActiveCfg = Release|Any CPU
		{F82242A2-5C8D-47B8-9131-19C4AFC17D31}.Release|Any CPU.Build.0 = Release|Any CPU
		{24B9F580-5782-47F3-A467-3512209DF91F}.Debug|Any CPU.ActiveCfg = Debug|Any CPU
		{24B9F580-5782-47F3-A467-3512209DF91F}.Debug|Any CPU.Build.0 = Debug|Any CPU
		{24B9F580-5782-47F3-A467-3512209DF91F}.Release|Any CPU.ActiveCfg = Release|Any CPU
		{24B9F580-5782-47F3-A467-3512209DF91F}.Release|Any CPU.Build.0 = Release|Any CPU
		{9A59DF1E-709F-4288-94CC-B5D2B65E5A7C}.Debug|Any CPU.ActiveCfg = Debug|Any CPU
		{9A59DF1E-709F-4288-94CC-B5D2B65E5A7C}.Debug|Any CPU.Build.0 = Debug|Any CPU
		{9A59DF1E-709F-4288-94CC-B5D2B65E5A7C}.Release|Any CPU.ActiveCfg = Release|Any CPU
		{9A59DF1E-709F-4288-94CC-B5D2B65E5A7C}.Release|Any CPU.Build.0 = Release|Any CPU
		{64B7D021-FA55-4564-B9E2-1BB435E4A5A3}.Debug|Any CPU.ActiveCfg = Debug|Any CPU
		{64B7D021-FA55-4564-B9E2-1BB435E4A5A3}.Debug|Any CPU.Build.0 = Debug|Any CPU
		{64B7D021-FA55-4564-B9E2-1BB435E4A5A3}.Release|Any CPU.ActiveCfg = Release|Any CPU
		{64B7D021-FA55-4564-B9E2-1BB435E4A5A3}.Release|Any CPU.Build.0 = Release|Any CPU
		{38F21863-46B3-41E4-A014-DF4CF96BAA6B}.Debug|Any CPU.ActiveCfg = Debug|Any CPU
		{38F21863-46B3-41E4-A014-DF4CF96BAA6B}.Debug|Any CPU.Build.0 = Debug|Any CPU
		{38F21863-46B3-41E4-A014-DF4CF96BAA6B}.Release|Any CPU.ActiveCfg = Release|Any CPU
		{38F21863-46B3-41E4-A014-DF4CF96BAA6B}.Release|Any CPU.Build.0 = Release|Any CPU
		{6CE48E19-5275-4BC3-B874-6C7826A3FA80}.Debug|Any CPU.ActiveCfg = Debug|Any CPU
		{6CE48E19-5275-4BC3-B874-6C7826A3FA80}.Debug|Any CPU.Build.0 = Debug|Any CPU
		{6CE48E19-5275-4BC3-B874-6C7826A3FA80}.Release|Any CPU.ActiveCfg = Release|Any CPU
		{6CE48E19-5275-4BC3-B874-6C7826A3FA80}.Release|Any CPU.Build.0 = Release|Any CPU
		{092AC49F-F056-4F7E-8012-DEA0257015FC}.Debug|Any CPU.ActiveCfg = Debug|Any CPU
		{092AC49F-F056-4F7E-8012-DEA0257015FC}.Debug|Any CPU.Build.0 = Debug|Any CPU
		{092AC49F-F056-4F7E-8012-DEA0257015FC}.Release|Any CPU.ActiveCfg = Release|Any CPU
		{092AC49F-F056-4F7E-8012-DEA0257015FC}.Release|Any CPU.Build.0 = Release|Any CPU
		{C327D31D-0921-4A7F-9123-DB0D0C592C4A}.Debug|Any CPU.ActiveCfg = Debug|Any CPU
		{C327D31D-0921-4A7F-9123-DB0D0C592C4A}.Debug|Any CPU.Build.0 = Debug|Any CPU
		{C327D31D-0921-4A7F-9123-DB0D0C592C4A}.Release|Any CPU.ActiveCfg = Release|Any CPU
		{C327D31D-0921-4A7F-9123-DB0D0C592C4A}.Release|Any CPU.Build.0 = Release|Any CPU
		{5E59AB3A-BA5C-4BF7-81CA-9FAA13CE13CA}.Debug|Any CPU.ActiveCfg = Debug|Any CPU
		{5E59AB3A-BA5C-4BF7-81CA-9FAA13CE13CA}.Debug|Any CPU.Build.0 = Debug|Any CPU
		{5E59AB3A-BA5C-4BF7-81CA-9FAA13CE13CA}.Release|Any CPU.ActiveCfg = Release|Any CPU
		{5E59AB3A-BA5C-4BF7-81CA-9FAA13CE13CA}.Release|Any CPU.Build.0 = Release|Any CPU
		{08CE9900-135E-4108-900F-AC47E52978FD}.Debug|Any CPU.ActiveCfg = Debug|Any CPU
		{08CE9900-135E-4108-900F-AC47E52978FD}.Debug|Any CPU.Build.0 = Debug|Any CPU
		{08CE9900-135E-4108-900F-AC47E52978FD}.Release|Any CPU.ActiveCfg = Release|Any CPU
		{08CE9900-135E-4108-900F-AC47E52978FD}.Release|Any CPU.Build.0 = Release|Any CPU
		{DAA819BA-D043-4149-B1C6-AC4B52131F95}.Debug|Any CPU.ActiveCfg = Debug|Any CPU
		{DAA819BA-D043-4149-B1C6-AC4B52131F95}.Debug|Any CPU.Build.0 = Debug|Any CPU
		{DAA819BA-D043-4149-B1C6-AC4B52131F95}.Release|Any CPU.ActiveCfg = Release|Any CPU
		{DAA819BA-D043-4149-B1C6-AC4B52131F95}.Release|Any CPU.Build.0 = Release|Any CPU
		{E0DC7C61-FA4F-4BDE-9D0A-6C188C1D70D9}.Debug|Any CPU.ActiveCfg = Debug|Any CPU
		{E0DC7C61-FA4F-4BDE-9D0A-6C188C1D70D9}.Debug|Any CPU.Build.0 = Debug|Any CPU
		{E0DC7C61-FA4F-4BDE-9D0A-6C188C1D70D9}.Release|Any CPU.ActiveCfg = Release|Any CPU
		{E0DC7C61-FA4F-4BDE-9D0A-6C188C1D70D9}.Release|Any CPU.Build.0 = Release|Any CPU
		{44EE9584-2365-4636-81DF-212475622164}.Debug|Any CPU.ActiveCfg = Debug|Any CPU
		{44EE9584-2365-4636-81DF-212475622164}.Debug|Any CPU.Build.0 = Debug|Any CPU
		{44EE9584-2365-4636-81DF-212475622164}.Release|Any CPU.ActiveCfg = Release|Any CPU
		{44EE9584-2365-4636-81DF-212475622164}.Release|Any CPU.Build.0 = Release|Any CPU
		{E896A646-D25A-477D-9A04-684568C41011}.Debug|Any CPU.ActiveCfg = Debug|Any CPU
		{E896A646-D25A-477D-9A04-684568C41011}.Debug|Any CPU.Build.0 = Debug|Any CPU
		{E896A646-D25A-477D-9A04-684568C41011}.Release|Any CPU.ActiveCfg = Release|Any CPU
		{E896A646-D25A-477D-9A04-684568C41011}.Release|Any CPU.Build.0 = Release|Any CPU
		{E52B821E-C4C6-4D8B-8F16-2AC2FE735396}.Debug|Any CPU.ActiveCfg = Debug|Any CPU
		{E52B821E-C4C6-4D8B-8F16-2AC2FE735396}.Debug|Any CPU.Build.0 = Debug|Any CPU
		{E52B821E-C4C6-4D8B-8F16-2AC2FE735396}.Release|Any CPU.ActiveCfg = Release|Any CPU
		{E52B821E-C4C6-4D8B-8F16-2AC2FE735396}.Release|Any CPU.Build.0 = Release|Any CPU
		{C767F2C5-2395-4384-8658-F11031358DBC}.Debug|Any CPU.ActiveCfg = Debug|Any CPU
		{C767F2C5-2395-4384-8658-F11031358DBC}.Debug|Any CPU.Build.0 = Debug|Any CPU
		{C767F2C5-2395-4384-8658-F11031358DBC}.Release|Any CPU.ActiveCfg = Release|Any CPU
		{C767F2C5-2395-4384-8658-F11031358DBC}.Release|Any CPU.Build.0 = Release|Any CPU
		{5B757D5E-C752-4F5C-BA04-F7CF66F35826}.Debug|Any CPU.ActiveCfg = Debug|Any CPU
		{5B757D5E-C752-4F5C-BA04-F7CF66F35826}.Debug|Any CPU.Build.0 = Debug|Any CPU
		{5B757D5E-C752-4F5C-BA04-F7CF66F35826}.Release|Any CPU.ActiveCfg = Release|Any CPU
		{5B757D5E-C752-4F5C-BA04-F7CF66F35826}.Release|Any CPU.Build.0 = Release|Any CPU
		{D45869C3-4ACD-4BD4-ACA0-CE87785BB3CA}.Debug|Any CPU.ActiveCfg = Debug|Any CPU
		{D45869C3-4ACD-4BD4-ACA0-CE87785BB3CA}.Debug|Any CPU.Build.0 = Debug|Any CPU
		{D45869C3-4ACD-4BD4-ACA0-CE87785BB3CA}.Release|Any CPU.ActiveCfg = Release|Any CPU
		{D45869C3-4ACD-4BD4-ACA0-CE87785BB3CA}.Release|Any CPU.Build.0 = Release|Any CPU
		{C29519F8-2AB6-4A04-B8C7-0B32EC0D1033}.Debug|Any CPU.ActiveCfg = Debug|Any CPU
		{C29519F8-2AB6-4A04-B8C7-0B32EC0D1033}.Debug|Any CPU.Build.0 = Debug|Any CPU
		{C29519F8-2AB6-4A04-B8C7-0B32EC0D1033}.Release|Any CPU.ActiveCfg = Release|Any CPU
		{C29519F8-2AB6-4A04-B8C7-0B32EC0D1033}.Release|Any CPU.Build.0 = Release|Any CPU
	EndGlobalSection
	GlobalSection(SolutionProperties) = preSolution
		HideSolutionNode = FALSE
	EndGlobalSection
	GlobalSection(NestedProjects) = preSolution
		{C1C00B6A-5260-461A-B7CC-BF6DF00F14F5} = {D61F8ECC-2C04-46A4-8D6B-4E00D7AD8670}
		{7693E0A3-15C7-4C26-A71C-FE536C8C24BF} = {D61F8ECC-2C04-46A4-8D6B-4E00D7AD8670}
		{42D3489B-E5CA-4310-99C9-6B4295D6F0AF} = {D61F8ECC-2C04-46A4-8D6B-4E00D7AD8670}
		{208F1507-B6DC-4CF3-8D65-30A33D562A11} = {D61F8ECC-2C04-46A4-8D6B-4E00D7AD8670}
		{24E9A9BA-5C14-400F-8346-1FA1103F779C} = {D61F8ECC-2C04-46A4-8D6B-4E00D7AD8670}
		{16CA8E52-0B2D-417D-A57F-F8031006024F} = {D61F8ECC-2C04-46A4-8D6B-4E00D7AD8670}
		{DF194469-130B-4AAE-90FF-F1E88BB80CF1} = {D61F8ECC-2C04-46A4-8D6B-4E00D7AD8670}
		{EBE14A92-1591-408F-81EA-0A628410A9BD} = {D61F8ECC-2C04-46A4-8D6B-4E00D7AD8670}
		{E5899CF6-56A5-4F4D-9083-A04C0A4D2EAC} = {D61F8ECC-2C04-46A4-8D6B-4E00D7AD8670}
		{C646CC7D-2EEC-43E3-8370-5AF85B705D33} = {D61F8ECC-2C04-46A4-8D6B-4E00D7AD8670}
		{9AF275EC-8467-4236-AD6A-C6A57D581356} = {D61F8ECC-2C04-46A4-8D6B-4E00D7AD8670}
		{69ED52DB-2B5F-4843-84C7-8988AF781696} = {D61F8ECC-2C04-46A4-8D6B-4E00D7AD8670}
		{730EB416-7D3A-422F-B54F-380D899AAF76} = {D61F8ECC-2C04-46A4-8D6B-4E00D7AD8670}
		{EF43F0D3-B7BD-4A41-B9D7-FD5D7F7C9C94} = {D61F8ECC-2C04-46A4-8D6B-4E00D7AD8670}
		{5768D77D-BC84-42C1-81C7-6E1CF13EC796} = {D61F8ECC-2C04-46A4-8D6B-4E00D7AD8670}
		{7CD176DE-D49E-4DA1-B130-E4FCE3F002AA} = {D61F8ECC-2C04-46A4-8D6B-4E00D7AD8670}
		{C2431AB0-C746-4C21-A406-703C368FAE3C} = {D61F8ECC-2C04-46A4-8D6B-4E00D7AD8670}
		{D8251BE2-2C15-4B5E-AEE0-86E21E7D813D} = {D61F8ECC-2C04-46A4-8D6B-4E00D7AD8670}
		{EDAD2BE1-9286-44E0-9715-886B17A5D394} = {D61F8ECC-2C04-46A4-8D6B-4E00D7AD8670}
		{E31AC826-5385-4479-8575-D3BEDA17B5C4} = {D61F8ECC-2C04-46A4-8D6B-4E00D7AD8670}
		{32CEC926-4A85-4A1B-9024-EAB3842D9BEF} = {D61F8ECC-2C04-46A4-8D6B-4E00D7AD8670}
		{E0C08DD1-7960-4640-B1A5-35A5118FC467} = {E2D02101-F58D-4A40-BBF2-4AE9046FE8DC}
		{37DE8F10-FDDE-4941-B4CB-C9928CCF1ED5} = {E2D02101-F58D-4A40-BBF2-4AE9046FE8DC}
		{EA118409-0E2B-4BF9-9E03-CFA8B6558BD2} = {E2D02101-F58D-4A40-BBF2-4AE9046FE8DC}
		{58CF0A5C-8E06-4D17-BB4C-5623632A237F} = {E2D02101-F58D-4A40-BBF2-4AE9046FE8DC}
		{A8ECAB1D-A6E8-4F0E-AB5E-5C5267A6CF5C} = {E2D02101-F58D-4A40-BBF2-4AE9046FE8DC}
		{3A83B672-EA38-4221-BF87-3AB1C4B9C8A8} = {E2D02101-F58D-4A40-BBF2-4AE9046FE8DC}
		{3AB0DE3B-E352-4412-AD77-591E936D6D1E} = {E2D02101-F58D-4A40-BBF2-4AE9046FE8DC}
		{F82242A2-5C8D-47B8-9131-19C4AFC17D31} = {E2D02101-F58D-4A40-BBF2-4AE9046FE8DC}
		{24B9F580-5782-47F3-A467-3512209DF91F} = {E2D02101-F58D-4A40-BBF2-4AE9046FE8DC}
		{9A59DF1E-709F-4288-94CC-B5D2B65E5A7C} = {E2D02101-F58D-4A40-BBF2-4AE9046FE8DC}
		{64B7D021-FA55-4564-B9E2-1BB435E4A5A3} = {E2D02101-F58D-4A40-BBF2-4AE9046FE8DC}
		{38F21863-46B3-41E4-A014-DF4CF96BAA6B} = {E2D02101-F58D-4A40-BBF2-4AE9046FE8DC}
		{6CE48E19-5275-4BC3-B874-6C7826A3FA80} = {E2D02101-F58D-4A40-BBF2-4AE9046FE8DC}
		{092AC49F-F056-4F7E-8012-DEA0257015FC} = {E2D02101-F58D-4A40-BBF2-4AE9046FE8DC}
		{C327D31D-0921-4A7F-9123-DB0D0C592C4A} = {E2D02101-F58D-4A40-BBF2-4AE9046FE8DC}
		{5E59AB3A-BA5C-4BF7-81CA-9FAA13CE13CA} = {E2D02101-F58D-4A40-BBF2-4AE9046FE8DC}
		{08CE9900-135E-4108-900F-AC47E52978FD} = {E2D02101-F58D-4A40-BBF2-4AE9046FE8DC}
		{DAA819BA-D043-4149-B1C6-AC4B52131F95} = {E2D02101-F58D-4A40-BBF2-4AE9046FE8DC}
		{E0DC7C61-FA4F-4BDE-9D0A-6C188C1D70D9} = {E2D02101-F58D-4A40-BBF2-4AE9046FE8DC}
		{44EE9584-2365-4636-81DF-212475622164} = {E2D02101-F58D-4A40-BBF2-4AE9046FE8DC}
		{E896A646-D25A-477D-9A04-684568C41011} = {E2D02101-F58D-4A40-BBF2-4AE9046FE8DC}
		{E52B821E-C4C6-4D8B-8F16-2AC2FE735396} = {E2D02101-F58D-4A40-BBF2-4AE9046FE8DC}
		{C767F2C5-2395-4384-8658-F11031358DBC} = {E2D02101-F58D-4A40-BBF2-4AE9046FE8DC}
		{5B757D5E-C752-4F5C-BA04-F7CF66F35826} = {595FA72A-4407-41DE-B08E-6DF02AB14D94}
		{D45869C3-4ACD-4BD4-ACA0-CE87785BB3CA} = {595FA72A-4407-41DE-B08E-6DF02AB14D94}
		{C29519F8-2AB6-4A04-B8C7-0B32EC0D1033} = {595FA72A-4407-41DE-B08E-6DF02AB14D94}
	EndGlobalSection
	GlobalSection(ExtensibilityGlobals) = postSolution
		SolutionGuid = {AEB2A234-D08D-4EF6-AE1E-A107E35AF1FB}
	EndGlobalSection
EndGlobal
