
Microsoft Visual Studio Solution File, Format Version 12.00
# Visual Studio 15
VisualStudioVersion = 15.0.28307.329
MinimumVisualStudioVersion = 10.0.40219.1
Project("{2150E333-8FDC-42A3-9474-1A3956D46DE8}") = "Week4", "Week4", "{595FA72A-4407-41DE-B08E-6DF02AB14D94}"
EndProject
Project("{9A19103F-16F7-4668-BE54-9A1E7A4F7556}") = "MVC", "Week04\MVC\MVC.csproj", "{3579ABFD-1A4E-40BF-8D78-580D44E38B16}"
EndProject
Project("{FAE04EC0-301F-11D3-BF4B-00C04F79EFBC}") = "Facade", "Week04\Facade\Facade.csproj", "{D45869C3-4ACD-4BD4-ACA0-CE87785BB3CA}"
EndProject
Project("{FAE04EC0-301F-11D3-BF4B-00C04F79EFBC}") = "Core", "Week04\Core\Core.csproj", "{C29519F8-2AB6-4A04-B8C7-0B32EC0D1033}"
EndProject
Project("{9A19103F-16F7-4668-BE54-9A1E7A4F7556}") = "Infra", "Week04\Infra\Infra.csproj", "{48DDC84F-1748-4A0C-9689-315A665FF1A1}"
EndProject
Project("{9A19103F-16F7-4668-BE54-9A1E7A4F7556}") = "Tests", "Week04\Tests\Tests.csproj", "{77208ECF-463F-4E20-816B-7E5DDD251930}"
EndProject
Global
	GlobalSection(SolutionConfigurationPlatforms) = preSolution
		Debug|Any CPU = Debug|Any CPU
		Release|Any CPU = Release|Any CPU
	EndGlobalSection
	GlobalSection(ProjectConfigurationPlatforms) = postSolution
		{3579ABFD-1A4E-40BF-8D78-580D44E38B16}.Debug|Any CPU.ActiveCfg = Debug|Any CPU
		{3579ABFD-1A4E-40BF-8D78-580D44E38B16}.Debug|Any CPU.Build.0 = Debug|Any CPU
		{3579ABFD-1A4E-40BF-8D78-580D44E38B16}.Release|Any CPU.ActiveCfg = Release|Any CPU
		{3579ABFD-1A4E-40BF-8D78-580D44E38B16}.Release|Any CPU.Build.0 = Release|Any CPU
		{D45869C3-4ACD-4BD4-ACA0-CE87785BB3CA}.Debug|Any CPU.ActiveCfg = Debug|Any CPU
		{D45869C3-4ACD-4BD4-ACA0-CE87785BB3CA}.Debug|Any CPU.Build.0 = Debug|Any CPU
		{D45869C3-4ACD-4BD4-ACA0-CE87785BB3CA}.Release|Any CPU.ActiveCfg = Release|Any CPU
		{D45869C3-4ACD-4BD4-ACA0-CE87785BB3CA}.Release|Any CPU.Build.0 = Release|Any CPU
		{C29519F8-2AB6-4A04-B8C7-0B32EC0D1033}.Debug|Any CPU.ActiveCfg = Debug|Any CPU
		{C29519F8-2AB6-4A04-B8C7-0B32EC0D1033}.Debug|Any CPU.Build.0 = Debug|Any CPU
		{C29519F8-2AB6-4A04-B8C7-0B32EC0D1033}.Release|Any CPU.ActiveCfg = Release|Any CPU
		{C29519F8-2AB6-4A04-B8C7-0B32EC0D1033}.Release|Any CPU.Build.0 = Release|Any CPU
		{48DDC84F-1748-4A0C-9689-315A665FF1A1}.Debug|Any CPU.ActiveCfg = Debug|Any CPU
		{48DDC84F-1748-4A0C-9689-315A665FF1A1}.Debug|Any CPU.Build.0 = Debug|Any CPU
		{48DDC84F-1748-4A0C-9689-315A665FF1A1}.Release|Any CPU.ActiveCfg = Release|Any CPU
		{48DDC84F-1748-4A0C-9689-315A665FF1A1}.Release|Any CPU.Build.0 = Release|Any CPU
		{77208ECF-463F-4E20-816B-7E5DDD251930}.Debug|Any CPU.ActiveCfg = Debug|Any CPU
		{77208ECF-463F-4E20-816B-7E5DDD251930}.Debug|Any CPU.Build.0 = Debug|Any CPU
		{77208ECF-463F-4E20-816B-7E5DDD251930}.Release|Any CPU.ActiveCfg = Release|Any CPU
		{77208ECF-463F-4E20-816B-7E5DDD251930}.Release|Any CPU.Build.0 = Release|Any CPU
	EndGlobalSection
	GlobalSection(SolutionProperties) = preSolution
		HideSolutionNode = FALSE
	EndGlobalSection
	GlobalSection(NestedProjects) = preSolution
		{3579ABFD-1A4E-40BF-8D78-580D44E38B16} = {595FA72A-4407-41DE-B08E-6DF02AB14D94}
		{D45869C3-4ACD-4BD4-ACA0-CE87785BB3CA} = {595FA72A-4407-41DE-B08E-6DF02AB14D94}
		{C29519F8-2AB6-4A04-B8C7-0B32EC0D1033} = {595FA72A-4407-41DE-B08E-6DF02AB14D94}
		{48DDC84F-1748-4A0C-9689-315A665FF1A1} = {595FA72A-4407-41DE-B08E-6DF02AB14D94}
		{77208ECF-463F-4E20-816B-7E5DDD251930} = {595FA72A-4407-41DE-B08E-6DF02AB14D94}
	EndGlobalSection
	GlobalSection(ExtensibilityGlobals) = postSolution
		SolutionGuid = {AEB2A234-D08D-4EF6-AE1E-A107E35AF1FB}
	EndGlobalSection
EndGlobal
